<?xml version="1.0" encoding="utf-8"?>
<Project ToolsVersion="4.0" xmlns="http://schemas.microsoft.com/developer/msbuild/2003">
  <ItemGroup>
    <ClCompile Include="src\IndexBuffer.cpp">
      <Filter>src</Filter>
    </ClCompile>
    <ClCompile Include="src\Renderer.cpp">
      <Filter>src</Filter>
    </ClCompile>
    <ClCompile Include="src\Shader.cpp">
      <Filter>src</Filter>
    </ClCompile>
    <ClCompile Include="src\Shape.cpp">
      <Filter>src</Filter>
    </ClCompile>
    <ClCompile Include="src\VertexArray.cpp">
      <Filter>src</Filter>
    </ClCompile>
    <ClCompile Include="src\VertexBuffer.cpp">
      <Filter>src</Filter>
    </ClCompile>
    <ClCompile Include="src\VertexBufferLayout.cpp">
      <Filter>src</Filter>
    </ClCompile>
    <ClCompile Include="Application.cpp" />
  </ItemGroup>
  <ItemGroup>
    <ClInclude Include="include\IndexBuffer.h">
      <Filter>src</Filter>
    </ClInclude>
    <ClInclude Include="include\Renderer.h">
      <Filter>src</Filter>
    </ClInclude>
    <ClInclude Include="include\Shader.h">
      <Filter>src</Filter>
    </ClInclude>
    <ClInclude Include="include\Shape.h">
      <Filter>src</Filter>
    </ClInclude>
    <ClInclude Include="include\VertexArray.h">
      <Filter>src</Filter>
    </ClInclude>
    <ClInclude Include="include\VertexBuffer.h">
      <Filter>src</Filter>
    </ClInclude>
    <ClInclude Include="include\VertexBufferLayout.h">
      <Filter>src</Filter>
    </ClInclude>
  </ItemGroup>
  <ItemGroup>
    <None Include="res\shader\fragment.frag">
      <Filter>res\shader</Filter>
    </None>
    <None Include="res\shader\geometry.geom">
      <Filter>res\shader</Filter>
    </None>
    <None Include="res\shader\tessellation.tesc">
      <Filter>res\shader</Filter>
    </None>
    <None Include="res\shader\tessellation.tese">
      <Filter>res\shader</Filter>
    </None>
    <None Include="res\shader\vertex.vert">
      <Filter>res\shader</Filter>
    </None>
    <None Include="res\json\c.json">
      <Filter>res\json</Filter>
    </None>
    <None Include="res\json\infinite.json">
      <Filter>res\json</Filter>
    </None>
    <None Include="res\json\small.json">
      <Filter>res\json</Filter>
    </None>
    <None Include="res\json\square.json">
      <Filter>res\json</Filter>
    </None>
  </ItemGroup>
  <ItemGroup>
    <Filter Include="src">
      <UniqueIdentifier>{5915343c-74db-4a20-ba52-f420daef9ef9}</UniqueIdentifier>
    </Filter>
    <Filter Include="res">
      <UniqueIdentifier>{6c6fc8e8-8fa4-4b79-b053-06c2c25edf90}</UniqueIdentifier>
    </Filter>
    <Filter Include="res\shader">
      <UniqueIdentifier>{708d92a5-7429-46eb-8c90-19acbc9d702f}</UniqueIdentifier>
    </Filter>
    <Filter Include="res\json">
      <UniqueIdentifier>{c22fd127-0da9-41b6-9cce-bb2dad0a632f}</UniqueIdentifier>
    </Filter>
  </ItemGroup>
</Project>