<?xml version="1.0" encoding="utf-8"?>
<Project ToolsVersion="4.0" xmlns="http://schemas.microsoft.com/developer/msbuild/2003">
  <ItemGroup>
    <ClCompile Include="..\Application.cpp" />
    <ClCompile Include="..\src\IndexBuffer.cpp">
      <Filter>src</Filter>
    </ClCompile>
    <ClCompile Include="..\src\Renderer.cpp">
      <Filter>src</Filter>
    </ClCompile>
    <ClCompile Include="..\src\Shader.cpp">
      <Filter>src</Filter>
    </ClCompile>
    <ClCompile Include="..\src\Shape.cpp">
      <Filter>src</Filter>
    </ClCompile>
    <ClCompile Include="..\src\VertexArray.cpp">
      <Filter>src</Filter>
    </ClCompile>
    <ClCompile Include="..\src\VertexBuffer.cpp">
      <Filter>src</Filter>
    </ClCompile>
    <ClCompile Include="..\src\VertexBufferLayout.cpp">
      <Filter>src</Filter>
    </ClCompile>
    <ClCompile Include="..\api\imgui\imgui.cpp">
      <Filter>src\imgui</Filter>
    </ClCompile>
    <ClCompile Include="..\api\imgui\imgui_demo.cpp">
      <Filter>src\imgui</Filter>
    </ClCompile>
    <ClCompile Include="..\api\imgui\imgui_draw.cpp">
      <Filter>src\imgui</Filter>
    </ClCompile>
    <ClCompile Include="..\api\imgui\imgui_tables.cpp">
      <Filter>src\imgui</Filter>
    </ClCompile>
    <ClCompile Include="..\api\imgui\imgui_widgets.cpp">
      <Filter>src\imgui</Filter>
    </ClCompile>
    <ClCompile Include="..\api\imgui\imgui_impl_opengl3.cpp">
      <Filter>src\imgui</Filter>
    </ClCompile>
    <ClCompile Include="..\api\imgui\imgui_impl_glfw.cpp">
      <Filter>src\imgui</Filter>
    </ClCompile>
  </ItemGroup>
  <ItemGroup>
    <ClInclude Include="..\src\IndexBuffer.h">
      <Filter>src</Filter>
    </ClInclude>
    <ClInclude Include="..\src\Renderer.h">
      <Filter>src</Filter>
    </ClInclude>
    <ClInclude Include="..\src\Shader.h">
      <Filter>src</Filter>
    </ClInclude>
    <ClInclude Include="..\src\Shape.h">
      <Filter>src</Filter>
    </ClInclude>
    <ClInclude Include="..\src\VertexArray.h">
      <Filter>src</Filter>
    </ClInclude>
    <ClInclude Include="..\src\VertexBuffer.h">
      <Filter>src</Filter>
    </ClInclude>
    <ClInclude Include="..\src\VertexBufferLayout.h">
      <Filter>src</Filter>
    </ClInclude>
    <ClInclude Include="..\api\imgui\imconfig.h">
      <Filter>src\imgui</Filter>
    </ClInclude>
    <ClInclude Include="..\api\imgui\imgui.h">
      <Filter>src\imgui</Filter>
    </ClInclude>
    <ClInclude Include="..\api\imgui\imgui_internal.h">
      <Filter>src\imgui</Filter>
    </ClInclude>
    <ClInclude Include="..\api\imgui\imstb_rectpack.h">
      <Filter>src\imgui</Filter>
    </ClInclude>
    <ClInclude Include="..\api\imgui\imstb_textedit.h">
      <Filter>src\imgui</Filter>
    </ClInclude>
    <ClInclude Include="..\api\imgui\imstb_truetype.h">
      <Filter>src\imgui</Filter>
    </ClInclude>
    <ClInclude Include="..\api\imgui\imgui_impl_opengl3_loader.h">
      <Filter>src\imgui</Filter>
    </ClInclude>
    <ClInclude Include="..\api\imgui\imgui_impl_opengl3.h">
      <Filter>src\imgui</Filter>
    </ClInclude>
    <ClInclude Include="..\api\imgui\imgui_impl_glfw.h">
      <Filter>src\imgui</Filter>
    </ClInclude>
  </ItemGroup>
  <ItemGroup>
    <None Include="..\res\json\c.json">
      <Filter>res\json</Filter>
    </None>
    <None Include="..\res\json\small.json">
      <Filter>res\json</Filter>
    </None>
    <None Include="..\res\json\square.json">
      <Filter>res\json</Filter>
    </None>
    <None Include="..\res\shader\fragment.frag">
      <Filter>res\shader</Filter>
    </None>
    <None Include="..\res\shader\geometry.geom">
      <Filter>res\shader</Filter>
    </None>
    <None Include="..\res\shader\tessellation.tesc">
      <Filter>res\shader</Filter>
    </None>
    <None Include="..\res\shader\tessellation.tese">
      <Filter>res\shader</Filter>
    </None>
    <None Include="..\res\shader\vertex.vert">
      <Filter>res\shader</Filter>
    </None>
    <None Include="..\res\json\infinite.json">
      <Filter>src</Filter>
    </None>
  </ItemGroup>
  <ItemGroup>
    <Filter Include="src">
      <UniqueIdentifier>{98de46d8-7575-4848-8228-c4da5919795f}</UniqueIdentifier>
    </Filter>
    <Filter Include="res">
      <UniqueIdentifier>{a0947b8d-a7a2-4a37-8c6c-edf47601b6f1}</UniqueIdentifier>
    </Filter>
    <Filter Include="res\json">
      <UniqueIdentifier>{c4db7ccc-b3e1-4bd2-9ce7-73e65bb22387}</UniqueIdentifier>
    </Filter>
    <Filter Include="res\shader">
      <UniqueIdentifier>{267f0e54-c609-4f45-a6ad-02d4c3963f34}</UniqueIdentifier>
    </Filter>
    <Filter Include="src\imgui">
      <UniqueIdentifier>{28a4b720-385d-43d8-b708-8103be69c663}</UniqueIdentifier>
    </Filter>
  </ItemGroup>
</Project>